
Microsoft Visual Studio Solution File, Format Version 12.00
# Visual Studio Version 17
VisualStudioVersion = 17.1.32228.430
MinimumVisualStudioVersion = 10.0.40219.1
Project("{FAE04EC0-301F-11D3-BF4B-00C04F79EFBC}") = "SymbolAlgebra", "SymbolAlgebra\SymbolAlgebra.csproj", "{117599CC-7456-49E7-A5F2-3D101753B33C}"
EndProject
Global
	GlobalSection(SolutionConfigurationPlatforms) = preSolution
		Debug|Any CPU = Debug|Any CPU
		Release|Any CPU = Release|Any CPU
	EndGlobalSection
	GlobalSection(ProjectConfigurationPlatforms) = postSolution
		{117599CC-7456-49E7-A5F2-3D101753B33C}.Debug|Any CPU.ActiveCfg = Debug|Any CPU
		{117599CC-7456-49E7-A5F2-3D101753B33C}.Debug|Any CPU.Build.0 = Debug|Any CPU
		{117599CC-7456-49E7-A5F2-3D101753B33C}.Release|Any CPU.ActiveCfg = Release|Any CPU
		{117599CC-7456-49E7-A5F2-3D101753B33C}.Release|Any CPU.Build.0 = Release|Any CPU
	EndGlobalSection
	GlobalSection(SolutionProperties) = preSolution
		HideSolutionNode = FALSE
	EndGlobalSection
	GlobalSection(ExtensibilityGlobals) = postSolution
		SolutionGuid = {9E557175-908E-4739-9666-DA5F7471C565}
	EndGlobalSection
EndGlobal
